
Microsoft Visual Studio Solution File, Format Version 12.00
# Visual Studio Version 17
VisualStudioVersion = 17.0.31903.59
MinimumVisualStudioVersion = 10.0.40219.1
Project("{FAE04EC0-301F-11D3-BF4B-00C04F79EFBC}") = "Catalog.API", "Services\Catalog\Catalog.API\Catalog.API.csproj", "{DF6C979A-AD80-4849-8FC5-16B42B84EDA8}"
EndProject
Project("{FAE04EC0-301F-11D3-BF4B-00C04F79EFBC}") = "Basket.API", "Services\Basket\Basket.API\Basket.API.csproj", "{578293C4-F83D-4E96-800A-2B4D64273858}"
EndProject
Project("{FAE04EC0-301F-11D3-BF4B-00C04F79EFBC}") = "Discount.API", "Services\Discount\Discount.API\Discount.API.csproj", "{CE3B4C37-04FB-444C-8C75-96D3F4900C94}"
EndProject
Project("{FAE04EC0-301F-11D3-BF4B-00C04F79EFBC}") = "Discount.Grpc", "Services\Discount\Discount.Grpc\Discount.Grpc.csproj", "{1BE6B6FE-7CBF-47BC-AFCC-D76AB17AA209}"
EndProject
Project("{FAE04EC0-301F-11D3-BF4B-00C04F79EFBC}") = "Ordering.API", "Services\Ordering\Ordering.API\Ordering.API.csproj", "{7778D574-1FD3-4F40-B0B7-E15A4FAF0F0D}"
EndProject
Project("{FAE04EC0-301F-11D3-BF4B-00C04F79EFBC}") = "Ordering.Domain", "Services\Ordering\Ordering.Domain\Ordering.Domain.csproj", "{44130F48-012C-4740-9E76-BD46BBA6900F}"
EndProject
Project("{FAE04EC0-301F-11D3-BF4B-00C04F79EFBC}") = "Ordering.Application", "Services\Ordering\Ordering.Application\Ordering.Application.csproj", "{E87A5F0A-0B5E-43AB-A796-4DD208B1BD1E}"
EndProject
Project("{FAE04EC0-301F-11D3-BF4B-00C04F79EFBC}") = "Ordering.Infrastructure", "Services\Ordering\Ordering.Infrastructure\Ordering.Infrastructure.csproj", "{754B6334-4685-475B-B1D0-5762F2FE67F4}"
EndProject
Project("{FAE04EC0-301F-11D3-BF4B-00C04F79EFBC}") = "EventBus.Messages", "BuildingBlocks\EventBus.Messages\EventBus.Messages.csproj", "{D8466A8E-F4F7-466D-8D80-A4A87D983350}"
EndProject
Global
	GlobalSection(SolutionConfigurationPlatforms) = preSolution
		Debug|Any CPU = Debug|Any CPU
		Release|Any CPU = Release|Any CPU
	EndGlobalSection
	GlobalSection(SolutionProperties) = preSolution
		HideSolutionNode = FALSE
	EndGlobalSection
	GlobalSection(ProjectConfigurationPlatforms) = postSolution
		{DF6C979A-AD80-4849-8FC5-16B42B84EDA8}.Debug|Any CPU.ActiveCfg = Debug|Any CPU
		{DF6C979A-AD80-4849-8FC5-16B42B84EDA8}.Debug|Any CPU.Build.0 = Debug|Any CPU
		{DF6C979A-AD80-4849-8FC5-16B42B84EDA8}.Release|Any CPU.ActiveCfg = Release|Any CPU
		{DF6C979A-AD80-4849-8FC5-16B42B84EDA8}.Release|Any CPU.Build.0 = Release|Any CPU
		{578293C4-F83D-4E96-800A-2B4D64273858}.Debug|Any CPU.ActiveCfg = Debug|Any CPU
		{578293C4-F83D-4E96-800A-2B4D64273858}.Debug|Any CPU.Build.0 = Debug|Any CPU
		{578293C4-F83D-4E96-800A-2B4D64273858}.Release|Any CPU.ActiveCfg = Release|Any CPU
		{578293C4-F83D-4E96-800A-2B4D64273858}.Release|Any CPU.Build.0 = Release|Any CPU
		{CE3B4C37-04FB-444C-8C75-96D3F4900C94}.Debug|Any CPU.ActiveCfg = Debug|Any CPU
		{CE3B4C37-04FB-444C-8C75-96D3F4900C94}.Debug|Any CPU.Build.0 = Debug|Any CPU
		{CE3B4C37-04FB-444C-8C75-96D3F4900C94}.Release|Any CPU.ActiveCfg = Release|Any CPU
		{CE3B4C37-04FB-444C-8C75-96D3F4900C94}.Release|Any CPU.Build.0 = Release|Any CPU
		{1BE6B6FE-7CBF-47BC-AFCC-D76AB17AA209}.Debug|Any CPU.ActiveCfg = Debug|Any CPU
		{1BE6B6FE-7CBF-47BC-AFCC-D76AB17AA209}.Debug|Any CPU.Build.0 = Debug|Any CPU
		{1BE6B6FE-7CBF-47BC-AFCC-D76AB17AA209}.Release|Any CPU.ActiveCfg = Release|Any CPU
		{1BE6B6FE-7CBF-47BC-AFCC-D76AB17AA209}.Release|Any CPU.Build.0 = Release|Any CPU
		{7778D574-1FD3-4F40-B0B7-E15A4FAF0F0D}.Debug|Any CPU.ActiveCfg = Debug|Any CPU
		{7778D574-1FD3-4F40-B0B7-E15A4FAF0F0D}.Debug|Any CPU.Build.0 = Debug|Any CPU
		{7778D574-1FD3-4F40-B0B7-E15A4FAF0F0D}.Release|Any CPU.ActiveCfg = Release|Any CPU
		{7778D574-1FD3-4F40-B0B7-E15A4FAF0F0D}.Release|Any CPU.Build.0 = Release|Any CPU
		{44130F48-012C-4740-9E76-BD46BBA6900F}.Debug|Any CPU.ActiveCfg = Debug|Any CPU
		{44130F48-012C-4740-9E76-BD46BBA6900F}.Debug|Any CPU.Build.0 = Debug|Any CPU
		{44130F48-012C-4740-9E76-BD46BBA6900F}.Release|Any CPU.ActiveCfg = Release|Any CPU
		{44130F48-012C-4740-9E76-BD46BBA6900F}.Release|Any CPU.Build.0 = Release|Any CPU
		{E87A5F0A-0B5E-43AB-A796-4DD208B1BD1E}.Debug|Any CPU.ActiveCfg = Debug|Any CPU
		{E87A5F0A-0B5E-43AB-A796-4DD208B1BD1E}.Debug|Any CPU.Build.0 = Debug|Any CPU
		{E87A5F0A-0B5E-43AB-A796-4DD208B1BD1E}.Release|Any CPU.ActiveCfg = Release|Any CPU
		{E87A5F0A-0B5E-43AB-A796-4DD208B1BD1E}.Release|Any CPU.Build.0 = Release|Any CPU
		{754B6334-4685-475B-B1D0-5762F2FE67F4}.Debug|Any CPU.ActiveCfg = Debug|Any CPU
		{754B6334-4685-475B-B1D0-5762F2FE67F4}.Debug|Any CPU.Build.0 = Debug|Any CPU
		{754B6334-4685-475B-B1D0-5762F2FE67F4}.Release|Any CPU.ActiveCfg = Release|Any CPU
		{754B6334-4685-475B-B1D0-5762F2FE67F4}.Release|Any CPU.Build.0 = Release|Any CPU
		{D8466A8E-F4F7-466D-8D80-A4A87D983350}.Debug|Any CPU.ActiveCfg = Debug|Any CPU
		{D8466A8E-F4F7-466D-8D80-A4A87D983350}.Debug|Any CPU.Build.0 = Debug|Any CPU
		{D8466A8E-F4F7-466D-8D80-A4A87D983350}.Release|Any CPU.ActiveCfg = Release|Any CPU
		{D8466A8E-F4F7-466D-8D80-A4A87D983350}.Release|Any CPU.Build.0 = Release|Any CPU
	EndGlobalSection
EndGlobal
